
Microsoft Visual Studio Solution File, Format Version 12.00
# Visual Studio Version 17
VisualStudioVersion = 17.12.35707.178
MinimumVisualStudioVersion = 10.0.40219.1
Project("{FAE04EC0-301F-11D3-BF4B-00C04F79EFBC}") = "Acme.DersTakip.WinUI", "Acme.DersTakip.WinUI\Acme.DersTakip.WinUI.csproj", "{DC34AD37-A3FE-489B-82AB-78ADEAE8EE81}"
EndProject
Project("{FAE04EC0-301F-11D3-BF4B-00C04F79EFBC}") = "Acme.DersTakip.Business", "Acme.DersTakip.Business\Acme.DersTakip.Business.csproj", "{902387A4-6B34-4597-B5E4-1A4B61D54029}"
EndProject
Project("{FAE04EC0-301F-11D3-BF4B-00C04F79EFBC}") = "Acme.DersTakip.Entity", "Acme.DersTakip.Entity\Acme.DersTakip.Entity.csproj", "{7F1B0FDD-76FB-4823-B5C3-84CF48D6B7CE}"
EndProject
Project("{FAE04EC0-301F-11D3-BF4B-00C04F79EFBC}") = "Acme.DersTakip.DataAccess", "Acme.DersTakip.DataAccess\Acme.DersTakip.DataAccess.csproj", "{1A5953DD-0485-4CB3-9AF0-4B17FEB09932}"
EndProject
Project("{2150E333-8FDC-42A3-9474-1A3956D46DE8}") = "Tests", "Tests", "{12044F39-ABF5-4672-AA71-2BA3A991A1D5}"
EndProject
Project("{FAE04EC0-301F-11D3-BF4B-00C04F79EFBC}") = "Acme.DersTakip.Business.Test", "Acme.DersTakip.Business.Test\Acme.DersTakip.Business.Test.csproj", "{2AA0B125-CAFC-4AE3-BBF4-D8FA81815C0A}"
EndProject
Global
	GlobalSection(SolutionConfigurationPlatforms) = preSolution
		Debug|Any CPU = Debug|Any CPU
		Release|Any CPU = Release|Any CPU
	EndGlobalSection
	GlobalSection(ProjectConfigurationPlatforms) = postSolution
		{DC34AD37-A3FE-489B-82AB-78ADEAE8EE81}.Debug|Any CPU.ActiveCfg = Debug|Any CPU
		{DC34AD37-A3FE-489B-82AB-78ADEAE8EE81}.Debug|Any CPU.Build.0 = Debug|Any CPU
		{DC34AD37-A3FE-489B-82AB-78ADEAE8EE81}.Release|Any CPU.ActiveCfg = Release|Any CPU
		{DC34AD37-A3FE-489B-82AB-78ADEAE8EE81}.Release|Any CPU.Build.0 = Release|Any CPU
		{902387A4-6B34-4597-B5E4-1A4B61D54029}.Debug|Any CPU.ActiveCfg = Debug|Any CPU
		{902387A4-6B34-4597-B5E4-1A4B61D54029}.Debug|Any CPU.Build.0 = Debug|Any CPU
		{902387A4-6B34-4597-B5E4-1A4B61D54029}.Release|Any CPU.ActiveCfg = Release|Any CPU
		{902387A4-6B34-4597-B5E4-1A4B61D54029}.Release|Any CPU.Build.0 = Release|Any CPU
		{7F1B0FDD-76FB-4823-B5C3-84CF48D6B7CE}.Debug|Any CPU.ActiveCfg = Debug|Any CPU
		{7F1B0FDD-76FB-4823-B5C3-84CF48D6B7CE}.Debug|Any CPU.Build.0 = Debug|Any CPU
		{7F1B0FDD-76FB-4823-B5C3-84CF48D6B7CE}.Release|Any CPU.ActiveCfg = Release|Any CPU
		{7F1B0FDD-76FB-4823-B5C3-84CF48D6B7CE}.Release|Any CPU.Build.0 = Release|Any CPU
		{1A5953DD-0485-4CB3-9AF0-4B17FEB09932}.Debug|Any CPU.ActiveCfg = Debug|Any CPU
		{1A5953DD-0485-4CB3-9AF0-4B17FEB09932}.Debug|Any CPU.Build.0 = Debug|Any CPU
		{1A5953DD-0485-4CB3-9AF0-4B17FEB09932}.Release|Any CPU.ActiveCfg = Release|Any CPU
		{1A5953DD-0485-4CB3-9AF0-4B17FEB09932}.Release|Any CPU.Build.0 = Release|Any CPU
		{2AA0B125-CAFC-4AE3-BBF4-D8FA81815C0A}.Debug|Any CPU.ActiveCfg = Debug|Any CPU
		{2AA0B125-CAFC-4AE3-BBF4-D8FA81815C0A}.Debug|Any CPU.Build.0 = Debug|Any CPU
		{2AA0B125-CAFC-4AE3-BBF4-D8FA81815C0A}.Release|Any CPU.ActiveCfg = Release|Any CPU
		{2AA0B125-CAFC-4AE3-BBF4-D8FA81815C0A}.Release|Any CPU.Build.0 = Release|Any CPU
	EndGlobalSection
	GlobalSection(SolutionProperties) = preSolution
		HideSolutionNode = FALSE
	EndGlobalSection
	GlobalSection(NestedProjects) = preSolution
		{2AA0B125-CAFC-4AE3-BBF4-D8FA81815C0A} = {12044F39-ABF5-4672-AA71-2BA3A991A1D5}
	EndGlobalSection
EndGlobal
